// !$*UTF8*$!
{
	archiveVersion = 1;
	classes = {
	};
	objectVersion = 51;
	objects = {

/* Begin PBXBuildFile section */
		5AB62A04F029A2650BB3DAAF /* Pods_UberClone.framework in Frameworks */ = {isa = PBXBuildFile; fileRef = 7DC0D4D3FBF25C99513477F2 /* Pods_UberClone.framework */; };
		6BB2F76F1A0D368E5A0E55A8 /* Pods_UberCloneTests.framework in Frameworks */ = {isa = PBXBuildFile; fileRef = 8DE766D0F365F8AC24BE649A /* Pods_UberCloneTests.framework */; };
		92894A11248720EF0010BF88 /* AppDelegate.swift in Sources */ = {isa = PBXBuildFile; fileRef = 92894A10248720EF0010BF88 /* AppDelegate.swift */; };
		92894A13248720EF0010BF88 /* SceneDelegate.swift in Sources */ = {isa = PBXBuildFile; fileRef = 92894A12248720EF0010BF88 /* SceneDelegate.swift */; };
		92894A15248720EF0010BF88 /* ViewController.swift in Sources */ = {isa = PBXBuildFile; fileRef = 92894A14248720EF0010BF88 /* ViewController.swift */; };
		92894A18248720EF0010BF88 /* Main.storyboard in Resources */ = {isa = PBXBuildFile; fileRef = 92894A16248720EF0010BF88 /* Main.storyboard */; };
		92894A1A248720F20010BF88 /* Assets.xcassets in Resources */ = {isa = PBXBuildFile; fileRef = 92894A19248720F20010BF88 /* Assets.xcassets */; };
		92894A1D248720F20010BF88 /* LaunchScreen.storyboard in Resources */ = {isa = PBXBuildFile; fileRef = 92894A1B248720F20010BF88 /* LaunchScreen.storyboard */; };
		92894A28248720F20010BF88 /* UberCloneTests.swift in Sources */ = {isa = PBXBuildFile; fileRef = 92894A27248720F20010BF88 /* UberCloneTests.swift */; };
		92894A3724872EDC0010BF88 /* Coordinator.swift in Sources */ = {isa = PBXBuildFile; fileRef = 92894A3624872EDC0010BF88 /* Coordinator.swift */; };
		92894A392487304D0010BF88 /* GoogleService-Info.plist in Resources */ = {isa = PBXBuildFile; fileRef = 92894A382487304D0010BF88 /* GoogleService-Info.plist */; };
		92894A3B2487311E0010BF88 /* Storyboarded.swift in Sources */ = {isa = PBXBuildFile; fileRef = 92894A3A2487311E0010BF88 /* Storyboarded.swift */; };
		92894A3D248733FA0010BF88 /* MainCoordinator.swift in Sources */ = {isa = PBXBuildFile; fileRef = 92894A3C248733FA0010BF88 /* MainCoordinator.swift */; };
		92894A41248868930010BF88 /* LoginViewController.swift in Sources */ = {isa = PBXBuildFile; fileRef = 92894A3F248868930010BF88 /* LoginViewController.swift */; };
		92894A42248868930010BF88 /* LoginViewController.xib in Resources */ = {isa = PBXBuildFile; fileRef = 92894A40248868930010BF88 /* LoginViewController.xib */; };
		92894A4524886DBB0010BF88 /* CreateAccountViewController.swift in Sources */ = {isa = PBXBuildFile; fileRef = 92894A4324886DBB0010BF88 /* CreateAccountViewController.swift */; };
		92894A4624886DBB0010BF88 /* CreateAccountViewController.xib in Resources */ = {isa = PBXBuildFile; fileRef = 92894A4424886DBB0010BF88 /* CreateAccountViewController.xib */; };
		92C1E24A249C440600505220 /* LoginCoordinator.swift in Sources */ = {isa = PBXBuildFile; fileRef = 92C1E249249C440600505220 /* LoginCoordinator.swift */; };
/* End PBXBuildFile section */

/* Begin PBXContainerItemProxy section */
		92894A24248720F20010BF88 /* PBXContainerItemProxy */ = {
			isa = PBXContainerItemProxy;
			containerPortal = 92894A05248720EE0010BF88 /* Project object */;
			proxyType = 1;
			remoteGlobalIDString = 92894A0C248720EE0010BF88;
			remoteInfo = UberClone;
		};
/* End PBXContainerItemProxy section */

/* Begin PBXFileReference section */
		0EB3E891AADB68A7728081E4 /* Pods-UberClone.debug.xcconfig */ = {isa = PBXFileReference; includeInIndex = 1; lastKnownFileType = text.xcconfig; name = "Pods-UberClone.debug.xcconfig"; path = "Target Support Files/Pods-UberClone/Pods-UberClone.debug.xcconfig"; sourceTree = "<group>"; };
		2BF9DE7950D70E5C4D5B1649 /* Pods-UberCloneTests.debug.xcconfig */ = {isa = PBXFileReference; includeInIndex = 1; lastKnownFileType = text.xcconfig; name = "Pods-UberCloneTests.debug.xcconfig"; path = "Target Support Files/Pods-UberCloneTests/Pods-UberCloneTests.debug.xcconfig"; sourceTree = "<group>"; };
		4359D337C18841DCD071E579 /* Pods-UberCloneTests.release.xcconfig */ = {isa = PBXFileReference; includeInIndex = 1; lastKnownFileType = text.xcconfig; name = "Pods-UberCloneTests.release.xcconfig"; path = "Target Support Files/Pods-UberCloneTests/Pods-UberCloneTests.release.xcconfig"; sourceTree = "<group>"; };
		5E8935DCE037B8421CCAECCD /* Pods-UberClone.release.xcconfig */ = {isa = PBXFileReference; includeInIndex = 1; lastKnownFileType = text.xcconfig; name = "Pods-UberClone.release.xcconfig"; path = "Target Support Files/Pods-UberClone/Pods-UberClone.release.xcconfig"; sourceTree = "<group>"; };
		7DC0D4D3FBF25C99513477F2 /* Pods_UberClone.framework */ = {isa = PBXFileReference; explicitFileType = wrapper.framework; includeInIndex = 0; path = Pods_UberClone.framework; sourceTree = BUILT_PRODUCTS_DIR; };
		8DE766D0F365F8AC24BE649A /* Pods_UberCloneTests.framework */ = {isa = PBXFileReference; explicitFileType = wrapper.framework; includeInIndex = 0; path = Pods_UberCloneTests.framework; sourceTree = BUILT_PRODUCTS_DIR; };
		92894A0D248720EF0010BF88 /* UberClone.app */ = {isa = PBXFileReference; explicitFileType = wrapper.application; includeInIndex = 0; path = UberClone.app; sourceTree = BUILT_PRODUCTS_DIR; };
		92894A10248720EF0010BF88 /* AppDelegate.swift */ = {isa = PBXFileReference; lastKnownFileType = sourcecode.swift; path = AppDelegate.swift; sourceTree = "<group>"; };
		92894A12248720EF0010BF88 /* SceneDelegate.swift */ = {isa = PBXFileReference; lastKnownFileType = sourcecode.swift; path = SceneDelegate.swift; sourceTree = "<group>"; };
		92894A14248720EF0010BF88 /* ViewController.swift */ = {isa = PBXFileReference; lastKnownFileType = sourcecode.swift; path = ViewController.swift; sourceTree = "<group>"; };
		92894A17248720EF0010BF88 /* Base */ = {isa = PBXFileReference; lastKnownFileType = file.storyboard; name = Base; path = Base.lproj/Main.storyboard; sourceTree = "<group>"; };
		92894A19248720F20010BF88 /* Assets.xcassets */ = {isa = PBXFileReference; lastKnownFileType = folder.assetcatalog; path = Assets.xcassets; sourceTree = "<group>"; };
		92894A1C248720F20010BF88 /* Base */ = {isa = PBXFileReference; lastKnownFileType = file.storyboard; name = Base; path = Base.lproj/LaunchScreen.storyboard; sourceTree = "<group>"; };
		92894A1E248720F20010BF88 /* Info.plist */ = {isa = PBXFileReference; lastKnownFileType = text.plist.xml; path = Info.plist; sourceTree = "<group>"; };
		92894A23248720F20010BF88 /* UberCloneTests.xctest */ = {isa = PBXFileReference; explicitFileType = wrapper.cfbundle; includeInIndex = 0; path = UberCloneTests.xctest; sourceTree = BUILT_PRODUCTS_DIR; };
		92894A27248720F20010BF88 /* UberCloneTests.swift */ = {isa = PBXFileReference; lastKnownFileType = sourcecode.swift; path = UberCloneTests.swift; sourceTree = "<group>"; };
		92894A29248720F20010BF88 /* Info.plist */ = {isa = PBXFileReference; lastKnownFileType = text.plist.xml; path = Info.plist; sourceTree = "<group>"; };
		92894A3624872EDC0010BF88 /* Coordinator.swift */ = {isa = PBXFileReference; lastKnownFileType = sourcecode.swift; path = Coordinator.swift; sourceTree = "<group>"; };
		92894A382487304D0010BF88 /* GoogleService-Info.plist */ = {isa = PBXFileReference; fileEncoding = 4; lastKnownFileType = text.plist.xml; name = "GoogleService-Info.plist"; path = "../../../Downloads/GoogleService-Info.plist"; sourceTree = "<group>"; };
		92894A3A2487311E0010BF88 /* Storyboarded.swift */ = {isa = PBXFileReference; lastKnownFileType = sourcecode.swift; path = Storyboarded.swift; sourceTree = "<group>"; };
		92894A3C248733FA0010BF88 /* MainCoordinator.swift */ = {isa = PBXFileReference; lastKnownFileType = sourcecode.swift; path = MainCoordinator.swift; sourceTree = "<group>"; };
		92894A3F248868930010BF88 /* LoginViewController.swift */ = {isa = PBXFileReference; lastKnownFileType = sourcecode.swift; path = LoginViewController.swift; sourceTree = "<group>"; };
		92894A40248868930010BF88 /* LoginViewController.xib */ = {isa = PBXFileReference; lastKnownFileType = file.xib; path = LoginViewController.xib; sourceTree = "<group>"; };
		92894A4324886DBB0010BF88 /* CreateAccountViewController.swift */ = {isa = PBXFileReference; lastKnownFileType = sourcecode.swift; path = CreateAccountViewController.swift; sourceTree = "<group>"; };
		92894A4424886DBB0010BF88 /* CreateAccountViewController.xib */ = {isa = PBXFileReference; lastKnownFileType = file.xib; path = CreateAccountViewController.xib; sourceTree = "<group>"; };
		92C1E249249C440600505220 /* LoginCoordinator.swift */ = {isa = PBXFileReference; lastKnownFileType = sourcecode.swift; path = LoginCoordinator.swift; sourceTree = "<group>"; };
/* End PBXFileReference section */

/* Begin PBXFrameworksBuildPhase section */
		92894A0A248720EE0010BF88 /* Frameworks */ = {
			isa = PBXFrameworksBuildPhase;
			buildActionMask = 2147483647;
			files = (
				5AB62A04F029A2650BB3DAAF /* Pods_UberClone.framework in Frameworks */,
			);
			runOnlyForDeploymentPostprocessing = 0;
		};
		92894A20248720F20010BF88 /* Frameworks */ = {
			isa = PBXFrameworksBuildPhase;
			buildActionMask = 2147483647;
			files = (
				6BB2F76F1A0D368E5A0E55A8 /* Pods_UberCloneTests.framework in Frameworks */,
			);
			runOnlyForDeploymentPostprocessing = 0;
		};
/* End PBXFrameworksBuildPhase section */

/* Begin PBXGroup section */
		0C7F2AF6EA17D58834B7C6CC /* Pods */ = {
			isa = PBXGroup;
			children = (
				0EB3E891AADB68A7728081E4 /* Pods-UberClone.debug.xcconfig */,
				5E8935DCE037B8421CCAECCD /* Pods-UberClone.release.xcconfig */,
				2BF9DE7950D70E5C4D5B1649 /* Pods-UberCloneTests.debug.xcconfig */,
				4359D337C18841DCD071E579 /* Pods-UberCloneTests.release.xcconfig */,
			);
			path = Pods;
			sourceTree = "<group>";
		};
		5EB995D2516FCC67141DFA75 /* Frameworks */ = {
			isa = PBXGroup;
			children = (
				7DC0D4D3FBF25C99513477F2 /* Pods_UberClone.framework */,
				8DE766D0F365F8AC24BE649A /* Pods_UberCloneTests.framework */,
			);
			name = Frameworks;
			sourceTree = "<group>";
		};
		92894A04248720EE0010BF88 = {
			isa = PBXGroup;
			children = (
				92894A0F248720EF0010BF88 /* UberClone */,
				92894A26248720F20010BF88 /* UberCloneTests */,
				92894A0E248720EF0010BF88 /* Products */,
				0C7F2AF6EA17D58834B7C6CC /* Pods */,
				5EB995D2516FCC67141DFA75 /* Frameworks */,
			);
			sourceTree = "<group>";
		};
		92894A0E248720EF0010BF88 /* Products */ = {
			isa = PBXGroup;
			children = (
				92894A0D248720EF0010BF88 /* UberClone.app */,
				92894A23248720F20010BF88 /* UberCloneTests.xctest */,
			);
			name = Products;
			sourceTree = "<group>";
		};
		92894A0F248720EF0010BF88 /* UberClone */ = {
			isa = PBXGroup;
			children = (
				92894A10248720EF0010BF88 /* AppDelegate.swift */,
				92894A12248720EF0010BF88 /* SceneDelegate.swift */,
				92894A14248720EF0010BF88 /* ViewController.swift */,
				92894A16248720EF0010BF88 /* Main.storyboard */,
				92894A3E2487F8AE0010BF88 /* Views */,
				92894A32248721620010BF88 /* Coordinator */,
				92894A19248720F20010BF88 /* Assets.xcassets */,
				92894A1B248720F20010BF88 /* LaunchScreen.storyboard */,
				92894A382487304D0010BF88 /* GoogleService-Info.plist */,
				92894A1E248720F20010BF88 /* Info.plist */,
			);
			path = UberClone;
			sourceTree = "<group>";
		};
		92894A26248720F20010BF88 /* UberCloneTests */ = {
			isa = PBXGroup;
			children = (
				92894A27248720F20010BF88 /* UberCloneTests.swift */,
				92894A29248720F20010BF88 /* Info.plist */,
			);
			path = UberCloneTests;
			sourceTree = "<group>";
		};
		92894A32248721620010BF88 /* Coordinator */ = {
			isa = PBXGroup;
			children = (
				92894A3624872EDC0010BF88 /* Coordinator.swift */,
				92894A3A2487311E0010BF88 /* Storyboarded.swift */,
				92894A3C248733FA0010BF88 /* MainCoordinator.swift */,
				92C1E249249C440600505220 /* LoginCoordinator.swift */,
			);
			path = Coordinator;
			sourceTree = "<group>";
		};
		92894A3E2487F8AE0010BF88 /* Views */ = {
			isa = PBXGroup;
			children = (
				92894A3F248868930010BF88 /* LoginViewController.swift */,
				92894A40248868930010BF88 /* LoginViewController.xib */,
				92894A4324886DBB0010BF88 /* CreateAccountViewController.swift */,
				92894A4424886DBB0010BF88 /* CreateAccountViewController.xib */,
			);
			path = Views;
			sourceTree = "<group>";
		};
/* End PBXGroup section */

/* Begin PBXNativeTarget section */
		92894A0C248720EE0010BF88 /* UberClone */ = {
			isa = PBXNativeTarget;
			buildConfigurationList = 92894A2C248720F20010BF88 /* Build configuration list for PBXNativeTarget "UberClone" */;
			buildPhases = (
				DC9D30AF329C3600B6B1842D /* [CP] Check Pods Manifest.lock */,
				92894A09248720EE0010BF88 /* Sources */,
				92894A0A248720EE0010BF88 /* Frameworks */,
				92894A0B248720EE0010BF88 /* Resources */,
				7E14E5F03D433E8E0E41B62E /* [CP] Embed Pods Frameworks */,
			);
			buildRules = (
			);
			dependencies = (
			);
			name = UberClone;
			productName = UberClone;
			productReference = 92894A0D248720EF0010BF88 /* UberClone.app */;
			productType = "com.apple.product-type.application";
		};
		92894A22248720F20010BF88 /* UberCloneTests */ = {
			isa = PBXNativeTarget;
			buildConfigurationList = 92894A2F248720F20010BF88 /* Build configuration list for PBXNativeTarget "UberCloneTests" */;
			buildPhases = (
				9D923D96DECA332A75DD2128 /* [CP] Check Pods Manifest.lock */,
				92894A1F248720F20010BF88 /* Sources */,
				92894A20248720F20010BF88 /* Frameworks */,
				92894A21248720F20010BF88 /* Resources */,
			);
			buildRules = (
			);
			dependencies = (
				92894A25248720F20010BF88 /* PBXTargetDependency */,
			);
			name = UberCloneTests;
			productName = UberCloneTests;
			productReference = 92894A23248720F20010BF88 /* UberCloneTests.xctest */;
			productType = "com.apple.product-type.bundle.unit-test";
		};
/* End PBXNativeTarget section */

/* Begin PBXProject section */
		92894A05248720EE0010BF88 /* Project object */ = {
			isa = PBXProject;
			attributes = {
				LastSwiftUpdateCheck = 1150;
				LastUpgradeCheck = 1150;
				ORGANIZATIONNAME = fchiarello;
				TargetAttributes = {
					92894A0C248720EE0010BF88 = {
						CreatedOnToolsVersion = 11.5;
					};
					92894A22248720F20010BF88 = {
						CreatedOnToolsVersion = 11.5;
						TestTargetID = 92894A0C248720EE0010BF88;
					};
				};
			};
			buildConfigurationList = 92894A08248720EE0010BF88 /* Build configuration list for PBXProject "UberClone" */;
			compatibilityVersion = "Xcode 9.3";
			developmentRegion = en;
			hasScannedForEncodings = 0;
			knownRegions = (
				en,
				Base,
			);
			mainGroup = 92894A04248720EE0010BF88;
			productRefGroup = 92894A0E248720EF0010BF88 /* Products */;
			projectDirPath = "";
			projectRoot = "";
			targets = (
				92894A0C248720EE0010BF88 /* UberClone */,
				92894A22248720F20010BF88 /* UberCloneTests */,
			);
		};
/* End PBXProject section */

/* Begin PBXResourcesBuildPhase section */
		92894A0B248720EE0010BF88 /* Resources */ = {
			isa = PBXResourcesBuildPhase;
			buildActionMask = 2147483647;
			files = (
				92894A42248868930010BF88 /* LoginViewController.xib in Resources */,
				92894A1D248720F20010BF88 /* LaunchScreen.storyboard in Resources */,
				92894A4624886DBB0010BF88 /* CreateAccountViewController.xib in Resources */,
				92894A392487304D0010BF88 /* GoogleService-Info.plist in Resources */,
				92894A1A248720F20010BF88 /* Assets.xcassets in Resources */,
				92894A18248720EF0010BF88 /* Main.storyboard in Resources */,
			);
			runOnlyForDeploymentPostprocessing = 0;
		};
		92894A21248720F20010BF88 /* Resources */ = {
			isa = PBXResourcesBuildPhase;
			buildActionMask = 2147483647;
			files = (
			);
			runOnlyForDeploymentPostprocessing = 0;
		};
/* End PBXResourcesBuildPhase section */

/* Begin PBXShellScriptBuildPhase section */
		7E14E5F03D433E8E0E41B62E /* [CP] Embed Pods Frameworks */ = {
			isa = PBXShellScriptBuildPhase;
			buildActionMask = 2147483647;
			files = (
			);
			inputFileListPaths = (
				"${PODS_ROOT}/Target Support Files/Pods-UberClone/Pods-UberClone-frameworks-${CONFIGURATION}-input-files.xcfilelist",
			);
			name = "[CP] Embed Pods Frameworks";
			outputFileListPaths = (
				"${PODS_ROOT}/Target Support Files/Pods-UberClone/Pods-UberClone-frameworks-${CONFIGURATION}-output-files.xcfilelist",
			);
			runOnlyForDeploymentPostprocessing = 0;
			shellPath = /bin/sh;
			shellScript = "\"${PODS_ROOT}/Target Support Files/Pods-UberClone/Pods-UberClone-frameworks.sh\"\n";
			showEnvVarsInLog = 0;
		};
		9D923D96DECA332A75DD2128 /* [CP] Check Pods Manifest.lock */ = {
			isa = PBXShellScriptBuildPhase;
			buildActionMask = 2147483647;
			files = (
			);
			inputFileListPaths = (
			);
			inputPaths = (
				"${PODS_PODFILE_DIR_PATH}/Podfile.lock",
				"${PODS_ROOT}/Manifest.lock",
			);
			name = "[CP] Check Pods Manifest.lock";
			outputFileListPaths = (
			);
			outputPaths = (
				"$(DERIVED_FILE_DIR)/Pods-UberCloneTests-checkManifestLockResult.txt",
			);
			runOnlyForDeploymentPostprocessing = 0;
			shellPath = /bin/sh;
			shellScript = "diff \"${PODS_PODFILE_DIR_PATH}/Podfile.lock\" \"${PODS_ROOT}/Manifest.lock\" > /dev/null\nif [ $? != 0 ] ; then\n    # print error to STDERR\n    echo \"error: The sandbox is not in sync with the Podfile.lock. Run 'pod install' or update your CocoaPods installation.\" >&2\n    exit 1\nfi\n# This output is used by Xcode 'outputs' to avoid re-running this script phase.\necho \"SUCCESS\" > \"${SCRIPT_OUTPUT_FILE_0}\"\n";
			showEnvVarsInLog = 0;
		};
		DC9D30AF329C3600B6B1842D /* [CP] Check Pods Manifest.lock */ = {
			isa = PBXShellScriptBuildPhase;
			buildActionMask = 2147483647;
			files = (
			);
			inputFileListPaths = (
			);
			inputPaths = (
				"${PODS_PODFILE_DIR_PATH}/Podfile.lock",
				"${PODS_ROOT}/Manifest.lock",
			);
			name = "[CP] Check Pods Manifest.lock";
			outputFileListPaths = (
			);
			outputPaths = (
				"$(DERIVED_FILE_DIR)/Pods-UberClone-checkManifestLockResult.txt",
			);
			runOnlyForDeploymentPostprocessing = 0;
			shellPath = /bin/sh;
			shellScript = "diff \"${PODS_PODFILE_DIR_PATH}/Podfile.lock\" \"${PODS_ROOT}/Manifest.lock\" > /dev/null\nif [ $? != 0 ] ; then\n    # print error to STDERR\n    echo \"error: The sandbox is not in sync with the Podfile.lock. Run 'pod install' or update your CocoaPods installation.\" >&2\n    exit 1\nfi\n# This output is used by Xcode 'outputs' to avoid re-running this script phase.\necho \"SUCCESS\" > \"${SCRIPT_OUTPUT_FILE_0}\"\n";
			showEnvVarsInLog = 0;
		};
/* End PBXShellScriptBuildPhase section */

/* Begin PBXSourcesBuildPhase section */
		92894A09248720EE0010BF88 /* Sources */ = {
			isa = PBXSourcesBuildPhase;
			buildActionMask = 2147483647;
			files = (
				92894A41248868930010BF88 /* LoginViewController.swift in Sources */,
				92894A3724872EDC0010BF88 /* Coordinator.swift in Sources */,
				92894A3D248733FA0010BF88 /* MainCoordinator.swift in Sources */,
				92894A15248720EF0010BF88 /* ViewController.swift in Sources */,
				92894A4524886DBB0010BF88 /* CreateAccountViewController.swift in Sources */,
				92894A3B2487311E0010BF88 /* Storyboarded.swift in Sources */,
				92C1E24A249C440600505220 /* LoginCoordinator.swift in Sources */,
				92894A11248720EF0010BF88 /* AppDelegate.swift in Sources */,
				92894A13248720EF0010BF88 /* SceneDelegate.swift in Sources */,
			);
			runOnlyForDeploymentPostprocessing = 0;
		};
		92894A1F248720F20010BF88 /* Sources */ = {
			isa = PBXSourcesBuildPhase;
			buildActionMask = 2147483647;
			files = (
				92894A28248720F20010BF88 /* UberCloneTests.swift in Sources */,
			);
			runOnlyForDeploymentPostprocessing = 0;
		};
/* End PBXSourcesBuildPhase section */

/* Begin PBXTargetDependency section */
		92894A25248720F20010BF88 /* PBXTargetDependency */ = {
			isa = PBXTargetDependency;
			target = 92894A0C248720EE0010BF88 /* UberClone */;
			targetProxy = 92894A24248720F20010BF88 /* PBXContainerItemProxy */;
		};
/* End PBXTargetDependency section */

/* Begin PBXVariantGroup section */
		92894A16248720EF0010BF88 /* Main.storyboard */ = {
			isa = PBXVariantGroup;
			children = (
				92894A17248720EF0010BF88 /* Base */,
			);
			name = Main.storyboard;
			sourceTree = "<group>";
		};
		92894A1B248720F20010BF88 /* LaunchScreen.storyboard */ = {
			isa = PBXVariantGroup;
			children = (
				92894A1C248720F20010BF88 /* Base */,
			);
			name = LaunchScreen.storyboard;
			sourceTree = "<group>";
		};
/* End PBXVariantGroup section */

/* Begin XCBuildConfiguration section */
		92894A2A248720F20010BF88 /* Debug */ = {
			isa = XCBuildConfiguration;
			buildSettings = {
				ALWAYS_SEARCH_USER_PATHS = NO;
				CLANG_ANALYZER_NONNULL = YES;
				CLANG_ANALYZER_NUMBER_OBJECT_CONVERSION = YES_AGGRESSIVE;
				CLANG_CXX_LANGUAGE_STANDARD = "gnu++14";
				CLANG_CXX_LIBRARY = "libc++";
				CLANG_ENABLE_MODULES = YES;
				CLANG_ENABLE_OBJC_ARC = YES;
				CLANG_ENABLE_OBJC_WEAK = YES;
				CLANG_WARN_BLOCK_CAPTURE_AUTORELEASING = YES;
				CLANG_WARN_BOOL_CONVERSION = YES;
				CLANG_WARN_COMMA = YES;
				CLANG_WARN_CONSTANT_CONVERSION = YES;
				CLANG_WARN_DEPRECATED_OBJC_IMPLEMENTATIONS = YES;
				CLANG_WARN_DIRECT_OBJC_ISA_USAGE = YES_ERROR;
				CLANG_WARN_DOCUMENTATION_COMMENTS = YES;
				CLANG_WARN_EMPTY_BODY = YES;
				CLANG_WARN_ENUM_CONVERSION = YES;
				CLANG_WARN_INFINITE_RECURSION = YES;
				CLANG_WARN_INT_CONVERSION = YES;
				CLANG_WARN_NON_LITERAL_NULL_CONVERSION = YES;
				CLANG_WARN_OBJC_IMPLICIT_RETAIN_SELF = YES;
				CLANG_WARN_OBJC_LITERAL_CONVERSION = YES;
				CLANG_WARN_OBJC_ROOT_CLASS = YES_ERROR;
				CLANG_WARN_RANGE_LOOP_ANALYSIS = YES;
				CLANG_WARN_STRICT_PROTOTYPES = YES;
				CLANG_WARN_SUSPICIOUS_MOVE = YES;
				CLANG_WARN_UNGUARDED_AVAILABILITY = YES_AGGRESSIVE;
				CLANG_WARN_UNREACHABLE_CODE = YES;
				CLANG_WARN__DUPLICATE_METHOD_MATCH = YES;
				COPY_PHASE_STRIP = NO;
				DEBUG_INFORMATION_FORMAT = dwarf;
				ENABLE_STRICT_OBJC_MSGSEND = YES;
				ENABLE_TESTABILITY = YES;
				GCC_C_LANGUAGE_STANDARD = gnu11;
				GCC_DYNAMIC_NO_PIC = NO;
				GCC_NO_COMMON_BLOCKS = YES;
				GCC_OPTIMIZATION_LEVEL = 0;
				GCC_PREPROCESSOR_DEFINITIONS = (
					"DEBUG=1",
					"$(inherited)",
				);
				GCC_WARN_64_TO_32_BIT_CONVERSION = YES;
				GCC_WARN_ABOUT_RETURN_TYPE = YES_ERROR;
				GCC_WARN_UNDECLARED_SELECTOR = YES;
				GCC_WARN_UNINITIALIZED_AUTOS = YES_AGGRESSIVE;
				GCC_WARN_UNUSED_FUNCTION = YES;
				GCC_WARN_UNUSED_VARIABLE = YES;
				IPHONEOS_DEPLOYMENT_TARGET = 13.5;
				MTL_ENABLE_DEBUG_INFO = INCLUDE_SOURCE;
				MTL_FAST_MATH = YES;
				ONLY_ACTIVE_ARCH = YES;
				SDKROOT = iphoneos;
				SWIFT_ACTIVE_COMPILATION_CONDITIONS = DEBUG;
				SWIFT_OPTIMIZATION_LEVEL = "-Onone";
			};
			name = Debug;
		};
		92894A2B248720F20010BF88 /* Release */ = {
			isa = XCBuildConfiguration;
			buildSettings = {
				ALWAYS_SEARCH_USER_PATHS = NO;
				CLANG_ANALYZER_NONNULL = YES;
				CLANG_ANALYZER_NUMBER_OBJECT_CONVERSION = YES_AGGRESSIVE;
				CLANG_CXX_LANGUAGE_STANDARD = "gnu++14";
				CLANG_CXX_LIBRARY = "libc++";
				CLANG_ENABLE_MODULES = YES;
				CLANG_ENABLE_OBJC_ARC = YES;
				CLANG_ENABLE_OBJC_WEAK = YES;
				CLANG_WARN_BLOCK_CAPTURE_AUTORELEASING = YES;
				CLANG_WARN_BOOL_CONVERSION = YES;
				CLANG_WARN_COMMA = YES;
				CLANG_WARN_CONSTANT_CONVERSION = YES;
				CLANG_WARN_DEPRECATED_OBJC_IMPLEMENTATIONS = YES;
				CLANG_WARN_DIRECT_OBJC_ISA_USAGE = YES_ERROR;
				CLANG_WARN_DOCUMENTATION_COMMENTS = YES;
				CLANG_WARN_EMPTY_BODY = YES;
				CLANG_WARN_ENUM_CONVERSION = YES;
				CLANG_WARN_INFINITE_RECURSION = YES;
				CLANG_WARN_INT_CONVERSION = YES;
				CLANG_WARN_NON_LITERAL_NULL_CONVERSION = YES;
				CLANG_WARN_OBJC_IMPLICIT_RETAIN_SELF = YES;
				CLANG_WARN_OBJC_LITERAL_CONVERSION = YES;
				CLANG_WARN_OBJC_ROOT_CLASS = YES_ERROR;
				CLANG_WARN_RANGE_LOOP_ANALYSIS = YES;
				CLANG_WARN_STRICT_PROTOTYPES = YES;
				CLANG_WARN_SUSPICIOUS_MOVE = YES;
				CLANG_WARN_UNGUARDED_AVAILABILITY = YES_AGGRESSIVE;
				CLANG_WARN_UNREACHABLE_CODE = YES;
				CLANG_WARN__DUPLICATE_METHOD_MATCH = YES;
				COPY_PHASE_STRIP = NO;
				DEBUG_INFORMATION_FORMAT = "dwarf-with-dsym";
				ENABLE_NS_ASSERTIONS = NO;
				ENABLE_STRICT_OBJC_MSGSEND = YES;
				GCC_C_LANGUAGE_STANDARD = gnu11;
				GCC_NO_COMMON_BLOCKS = YES;
				GCC_WARN_64_TO_32_BIT_CONVERSION = YES;
				GCC_WARN_ABOUT_RETURN_TYPE = YES_ERROR;
				GCC_WARN_UNDECLARED_SELECTOR = YES;
				GCC_WARN_UNINITIALIZED_AUTOS = YES_AGGRESSIVE;
				GCC_WARN_UNUSED_FUNCTION = YES;
				GCC_WARN_UNUSED_VARIABLE = YES;
				IPHONEOS_DEPLOYMENT_TARGET = 13.5;
				MTL_ENABLE_DEBUG_INFO = NO;
				MTL_FAST_MATH = YES;
				SDKROOT = iphoneos;
				SWIFT_COMPILATION_MODE = wholemodule;
				SWIFT_OPTIMIZATION_LEVEL = "-O";
				VALIDATE_PRODUCT = YES;
			};
			name = Release;
		};
		92894A2D248720F20010BF88 /* Debug */ = {
			isa = XCBuildConfiguration;
			baseConfigurationReference = 0EB3E891AADB68A7728081E4 /* Pods-UberClone.debug.xcconfig */;
			buildSettings = {
				ASSETCATALOG_COMPILER_APPICON_NAME = AppIcon;
				CODE_SIGN_STYLE = Automatic;
				DEVELOPMENT_TEAM = HJ6RR33WF2;
				INFOPLIST_FILE = UberClone/Info.plist;
				LD_RUNPATH_SEARCH_PATHS = (
					"$(inherited)",
					"@executable_path/Frameworks",
				);
				PRODUCT_BUNDLE_IDENTIFIER = com.fchiarello.UberClone.1985;
				PRODUCT_NAME = "$(TARGET_NAME)";
				SWIFT_VERSION = 5.0;
				TARGETED_DEVICE_FAMILY = "1,2";
			};
			name = Debug;
		};
		92894A2E248720F20010BF88 /* Release */ = {
			isa = XCBuildConfiguration;
			baseConfigurationReference = 5E8935DCE037B8421CCAECCD /* Pods-UberClone.release.xcconfig */;
			buildSettings = {
				ASSETCATALOG_COMPILER_APPICON_NAME = AppIcon;
				CODE_SIGN_STYLE = Automatic;
				DEVELOPMENT_TEAM = HJ6RR33WF2;
				INFOPLIST_FILE = UberClone/Info.plist;
				LD_RUNPATH_SEARCH_PATHS = (
					"$(inherited)",
					"@executable_path/Frameworks",
				);
				PRODUCT_BUNDLE_IDENTIFIER = com.fchiarello.UberClone.1985;
				PRODUCT_NAME = "$(TARGET_NAME)";
				SWIFT_VERSION = 5.0;
				TARGETED_DEVICE_FAMILY = "1,2";
			};
			name = Release;
		};
		92894A30248720F20010BF88 /* Debug */ = {
			isa = XCBuildConfiguration;
			baseConfigurationReference = 2BF9DE7950D70E5C4D5B1649 /* Pods-UberCloneTests.debug.xcconfig */;
			buildSettings = {
				ALWAYS_EMBED_SWIFT_STANDARD_LIBRARIES = YES;
				BUNDLE_LOADER = "$(TEST_HOST)";
				CODE_SIGN_STYLE = Automatic;
				DEVELOPMENT_TEAM = HJ6RR33WF2;
				INFOPLIST_FILE = UberCloneTests/Info.plist;
				IPHONEOS_DEPLOYMENT_TARGET = 13.5;
				LD_RUNPATH_SEARCH_PATHS = (
					"$(inherited)",
					"@executable_path/Frameworks",
					"@loader_path/Frameworks",
				);
				PRODUCT_BUNDLE_IDENTIFIER = com.fchiarello.UberCloneTests;
				PRODUCT_NAME = "$(TARGET_NAME)";
				SWIFT_VERSION = 5.0;
				TARGETED_DEVICE_FAMILY = "1,2";
				TEST_HOST = "$(BUILT_PRODUCTS_DIR)/UberClone.app/UberClone";
			};
			name = Debug;
		};
		92894A31248720F20010BF88 /* Release */ = {
			isa = XCBuildConfiguration;
			baseConfigurationReference = 4359D337C18841DCD071E579 /* Pods-UberCloneTests.release.xcconfig */;
			buildSettings = {
				ALWAYS_EMBED_SWIFT_STANDARD_LIBRARIES = YES;
				BUNDLE_LOADER = "$(TEST_HOST)";
				CODE_SIGN_STYLE = Automatic;
				DEVELOPMENT_TEAM = HJ6RR33WF2;
				INFOPLIST_FILE = UberCloneTests/Info.plist;
				IPHONEOS_DEPLOYMENT_TARGET = 13.5;
				LD_RUNPATH_SEARCH_PATHS = (
					"$(inherited)",
					"@executable_path/Frameworks",
					"@loader_path/Frameworks",
				);
				PRODUCT_BUNDLE_IDENTIFIER = com.fchiarello.UberCloneTests;
				PRODUCT_NAME = "$(TARGET_NAME)";
				SWIFT_VERSION = 5.0;
				TARGETED_DEVICE_FAMILY = "1,2";
				TEST_HOST = "$(BUILT_PRODUCTS_DIR)/UberClone.app/UberClone";
			};
			name = Release;
		};
/* End XCBuildConfiguration section */

/* Begin XCConfigurationList section */
		92894A08248720EE0010BF88 /* Build configuration list for PBXProject "UberClone" */ = {
			isa = XCConfigurationList;
			buildConfigurations = (
				92894A2A248720F20010BF88 /* Debug */,
				92894A2B248720F20010BF88 /* Release */,
			);
			defaultConfigurationIsVisible = 0;
			defaultConfigurationName = Release;
		};
		92894A2C248720F20010BF88 /* Build configuration list for PBXNativeTarget "UberClone" */ = {
			isa = XCConfigurationList;
			buildConfigurations = (
				92894A2D248720F20010BF88 /* Debug */,
				92894A2E248720F20010BF88 /* Release */,
			);
			defaultConfigurationIsVisible = 0;
			defaultConfigurationName = Release;
		};
		92894A2F248720F20010BF88 /* Build configuration list for PBXNativeTarget "UberCloneTests" */ = {
			isa = XCConfigurationList;
			buildConfigurations = (
				92894A30248720F20010BF88 /* Debug */,
				92894A31248720F20010BF88 /* Release */,
			);
			defaultConfigurationIsVisible = 0;
			defaultConfigurationName = Release;
		};
/* End XCConfigurationList section */
	};
	rootObject = 92894A05248720EE0010BF88 /* Project object */;
}
